PODS:
  - SDWebImage (5.8.3):
    - SDWebImage/Core (= 5.8.3)
  - SDWebImage/Core (5.8.3)

DEPENDENCIES:
  - SDWebImage (~> 5.0)

SPEC REPOS:
  trunk:
    - SDWebImage

SPEC CHECKSUMS:
  SDWebImage: 112503ec94a5a2a41869503844a15e8d8f1ead5c

PODFILE CHECKSUM: afc2e33cd812d2e4e7f150e38e99b7c4c7523457

COCOAPODS: 1.8.4
